
Microsoft Visual Studio Solution File, Format Version 12.00
# Visual Studio Version 17
VisualStudioVersion = 17.6.33815.320
MinimumVisualStudioVersion = 10.0.40219.1
Project("{8BC9CEB8-8B4A-11D0-8D11-00A0C91BC942}") = "P10-2", "P10-2.vcxproj", "{08BFB30D-A1E7-4B4D-B6F0-9805A7AFDFAC}"
EndProject
Global
	GlobalSection(SolutionConfigurationPlatforms) = preSolution
		Debug|x64 = Debug|x64
		Debug|x86 = Debug|x86
		Release|x64 = Release|x64
		Release|x86 = Release|x86
	EndGlobalSection
	GlobalSection(ProjectConfigurationPlatforms) = postSolution
		{08BFB30D-A1E7-4B4D-B6F0-9805A7AFDFAC}.Debug|x64.ActiveCfg = Debug|x64
		{08BFB30D-A1E7-4B4D-B6F0-9805A7AFDFAC}.Debug|x64.Build.0 = Debug|x64
		{08BFB30D-A1E7-4B4D-B6F0-9805A7AFDFAC}.Debug|x86.ActiveCfg = Debug|Win32
		{08BFB30D-A1E7-4B4D-B6F0-9805A7AFDFAC}.Debug|x86.Build.0 = Debug|Win32
		{08BFB30D-A1E7-4B4D-B6F0-9805A7AFDFAC}.Release|x64.ActiveCfg = Release|x64
		{08BFB30D-A1E7-4B4D-B6F0-9805A7AFDFAC}.Release|x64.Build.0 = Release|x64
		{08BFB30D-A1E7-4B4D-B6F0-9805A7AFDFAC}.Release|x86.ActiveCfg = Release|Win32
		{08BFB30D-A1E7-4B4D-B6F0-9805A7AFDFAC}.Release|x86.Build.0 = Release|Win32
	EndGlobalSection
	GlobalSection(SolutionProperties) = preSolution
		HideSolutionNode = FALSE
	EndGlobalSection
	GlobalSection(ExtensibilityGlobals) = postSolution
		SolutionGuid = {8E72B26F-FFE8-4CDC-BFFA-5B5070DB2A7B}
	EndGlobalSection
EndGlobal
